
Microsoft Visual Studio Solution File, Format Version 12.00
# Visual Studio Version 16
VisualStudioVersion = 16.0.30114.105
MinimumVisualStudioVersion = 10.0.40219.1
Project("{FAE04EC0-301F-11D3-BF4B-00C04F79EFBC}") = "Colors.WebApi", "Colors.WebApi\Colors.WebApi.csproj", "{2781AF7A-F89D-4E74-B524-8544E284A091}"
EndProject
Project("{FAE04EC0-301F-11D3-BF4B-00C04F79EFBC}") = "Colors.Tests", "Colors.Tests\Colors.Tests.csproj", "{F62E2BC7-B6C5-4B19-9765-9557E83D1993}"
EndProject
Global
	GlobalSection(SolutionConfigurationPlatforms) = preSolution
		Debug|Any CPU = Debug|Any CPU
		Release|Any CPU = Release|Any CPU
	EndGlobalSection
	GlobalSection(SolutionProperties) = preSolution
		HideSolutionNode = FALSE
	EndGlobalSection
	GlobalSection(ProjectConfigurationPlatforms) = postSolution
		{2781AF7A-F89D-4E74-B524-8544E284A091}.Debug|Any CPU.ActiveCfg = Debug|Any CPU
		{2781AF7A-F89D-4E74-B524-8544E284A091}.Debug|Any CPU.Build.0 = Debug|Any CPU
		{2781AF7A-F89D-4E74-B524-8544E284A091}.Release|Any CPU.ActiveCfg = Release|Any CPU
		{2781AF7A-F89D-4E74-B524-8544E284A091}.Release|Any CPU.Build.0 = Release|Any CPU
		{F62E2BC7-B6C5-4B19-9765-9557E83D1993}.Debug|Any CPU.ActiveCfg = Debug|Any CPU
		{F62E2BC7-B6C5-4B19-9765-9557E83D1993}.Debug|Any CPU.Build.0 = Debug|Any CPU
		{F62E2BC7-B6C5-4B19-9765-9557E83D1993}.Release|Any CPU.ActiveCfg = Release|Any CPU
		{F62E2BC7-B6C5-4B19-9765-9557E83D1993}.Release|Any CPU.Build.0 = Release|Any CPU
	EndGlobalSection
EndGlobal
